
Microsoft Visual Studio Solution File, Format Version 12.00
# Visual Studio 15
VisualStudioVersion = 15.0.28307.168
MinimumVisualStudioVersion = 10.0.40219.1
Project("{FAE04EC0-301F-11D3-BF4B-00C04F79EFBC}") = "VideoProcessing", "VideoProcessing\VideoProcessing.csproj", "{308348E3-BC59-420A-9FED-04CF26001238}"
EndProject
Global
	GlobalSection(SolutionConfigurationPlatforms) = preSolution
		Debug|Any CPU = Debug|Any CPU
		Release|Any CPU = Release|Any CPU
	EndGlobalSection
	GlobalSection(ProjectConfigurationPlatforms) = postSolution
		{308348E3-BC59-420A-9FED-04CF26001238}.Debug|Any CPU.ActiveCfg = Debug|Any CPU
		{308348E3-BC59-420A-9FED-04CF26001238}.Debug|Any CPU.Build.0 = Debug|Any CPU
		{308348E3-BC59-420A-9FED-04CF26001238}.Release|Any CPU.ActiveCfg = Release|Any CPU
		{308348E3-BC59-420A-9FED-04CF26001238}.Release|Any CPU.Build.0 = Release|Any CPU
	EndGlobalSection
	GlobalSection(SolutionProperties) = preSolution
		HideSolutionNode = FALSE
	EndGlobalSection
	GlobalSection(ExtensibilityGlobals) = postSolution
		SolutionGuid = {F70C873A-566C-4F98-87B6-6A66915F79C2}
	EndGlobalSection
EndGlobal
